# THIS IS AN AUTOGENERATED FILE. DO NOT EDIT THIS FILE DIRECTLY.
# yarn lockfile v1


"@antfu/utils@^0.7.0", "@antfu/utils@^0.7.2":
  "integrity" "sha512-qe8Nmh9rYI/HIspLSTwtbMFPj6dISG6+dJnOguTlPNXtCvS2uezdxscVBb7/3DrmNbQK49TDqpkSQ1chbRGdpQ=="
  "resolved" "https://registry.npmjs.org/@antfu/utils/-/utils-0.7.4.tgz"
  "version" "0.7.4"

"@babel/helper-string-parser@^7.19.4":
  "integrity" "sha512-nHtDoQcuqFmwYNYPz3Rah5ph2p8PFeFCsZk9A/48dPc/rGocJ5J3hAAZ7pb76VWX3fZKu+uEr/FhH5jLx7umrw=="
  "resolved" "https://registry.npmjs.org/@babel/helper-string-parser/-/helper-string-parser-7.19.4.tgz"
  "version" "7.19.4"

"@babel/helper-validator-identifier@^7.19.1":
  "integrity" "sha512-awrNfaMtnHUr653GgGEs++LlAvW6w+DcPrOliSMXWCKo597CwL5Acf/wWdNkf/tfEQE3mjkeD1YOVZOUV/od1w=="
  "resolved" "https://registry.npmjs.org/@babel/helper-validator-identifier/-/helper-validator-identifier-7.19.1.tgz"
  "version" "7.19.1"

"@babel/parser@^7.15.8", "@babel/parser@^7.16.4":
  "integrity" "sha512-h1IUp81s2JYJ3mRkdxJgs4UvmSsRvDrx5ICSJbPvtWYv5i1nTBGcBpnog+89rAFMwvvru6E5NUHdBe01UeSzYA=="
  "resolved" "https://registry.npmjs.org/@babel/parser/-/parser-7.19.6.tgz"
  "version" "7.19.6"

"@babel/runtime@^7.11.2", "@babel/runtime@^7.12.5", "@babel/runtime@^7.5.5":
  "integrity" "sha512-gt3PKXs0DBoL9xCvOIIZ2NEqAGZqHjAnmVbfQtB620V0uReIQutpel14KcneZuer7UioY8ALKZ7iocavvzTNFA=="
  "resolved" "https://registry.npmjs.org/@babel/runtime/-/runtime-7.20.13.tgz"
  "version" "7.20.13"
  dependencies:
    "regenerator-runtime" "^0.13.11"

"@babel/types@^7.18.10":
  "integrity" "sha512-M5LK7nAeS6+9j7hAq+b3fQs+pNfUtTGq+yFFfHnauFA8zQtLRfmuipmsKDKKLuyG+wC8ABW43A153YNawNTEtw=="
  "resolved" "https://registry.npmjs.org/@babel/types/-/types-7.19.4.tgz"
  "version" "7.19.4"
  dependencies:
    "@babel/helper-string-parser" "^7.19.4"
    "@babel/helper-validator-identifier" "^7.19.1"
    "to-fast-properties" "^2.0.0"

"@ctrl/tinycolor@^3.4.1":
  "integrity" "sha512-ej5oVy6lykXsvieQtqZxCOaLT+xD4+QNarq78cIYISHmZXshCvROLudpQN3lfL8G0NL7plMSSK+zlyvCaIJ4Iw=="
  "resolved" "https://registry.npmjs.org/@ctrl/tinycolor/-/tinycolor-3.4.1.tgz"
  "version" "3.4.1"

"@element-plus/icons-vue@^2.0.10", "@element-plus/icons-vue@^2.0.6":
  "integrity" "sha512-ygEZ1mwPjcPo/OulhzLE7mtDrQBWI8vZzEWSNB2W/RNCRjoQGwbaK4N8lV4rid7Ts4qvySU3njMN7YCiSlSaTQ=="
  "resolved" "https://registry.npmjs.org/@element-plus/icons-vue/-/icons-vue-2.0.10.tgz"
  "version" "2.0.10"

"@floating-ui/core@^1.0.1":
  "integrity" "sha512-bO37brCPfteXQfFY0DyNDGB3+IMe4j150KFQcgJ5aBP295p9nBGeHEs/p0czrRbtlHq4Px/yoPXO/+dOCcF4uA=="
  "resolved" "https://registry.npmjs.org/@floating-ui/core/-/core-1.0.1.tgz"
  "version" "1.0.1"

"@floating-ui/dom@^1.0.1":
  "integrity" "sha512-6H1kwjkOZKabApNtXRiYHvMmYJToJ1DV7rQ3xc/WJpOABhQIOJJOdz2AOejj8X+gcybaFmBpisVTZxBZAM3V0w=="
  "resolved" "https://registry.npmjs.org/@floating-ui/dom/-/dom-1.0.3.tgz"
  "version" "1.0.3"
  dependencies:
    "@floating-ui/core" "^1.0.1"

"@jridgewell/sourcemap-codec@^1.4.13":
  "integrity" "sha512-eF2rxCRulEKXHTRiDrDy6erMYWqNw4LPdQ8UQA4huuxaQsVeRPFl2oM8oDGxMFhJUWZf9McpLtJasDDZb/Bpeg=="
  "resolved" "https://registry.npmjs.org/@jridgewell/sourcemap-codec/-/sourcemap-codec-1.4.15.tgz"
  "version" "1.4.15"

"@nodelib/fs.scandir@2.1.5":
  "integrity" "sha512-vq24Bq3ym5HEQm2NKCr3yXDwjc7vTsEThRDnkp2DK9p1uqLR+DHurm/NOTo0KG7HYHU7eppKZj3MyqYuMBf62g=="
  "resolved" "https://registry.npmjs.org/@nodelib/fs.scandir/-/fs.scandir-2.1.5.tgz"
  "version" "2.1.5"
  dependencies:
    "@nodelib/fs.stat" "2.0.5"
    "run-parallel" "^1.1.9"

"@nodelib/fs.stat@^2.0.2", "@nodelib/fs.stat@2.0.5":
  "integrity" "sha512-RkhPPp2zrqDAQA/2jNhnztcPAlv64XdhIp7a7454A5ovI7Bukxgt7MX7udwAu3zg1DcpPU0rz3VV1SeaqvY4+A=="
  "resolved" "https://registry.npmjs.org/@nodelib/fs.stat/-/fs.stat-2.0.5.tgz"
  "version" "2.0.5"

"@nodelib/fs.walk@^1.2.3":
  "integrity" "sha512-oGB+UxlgWcgQkgwo8GcEGwemoTFt3FIO9ababBmaGwXIoBKZ+GTy0pP185beGg7Llih/NSHSV2XAs1lnznocSg=="
  "resolved" "https://registry.npmjs.org/@nodelib/fs.walk/-/fs.walk-1.2.8.tgz"
  "version" "1.2.8"
  dependencies:
    "@nodelib/fs.scandir" "2.1.5"
    "fastq" "^1.6.0"

"@popperjs/core@npm:@sxzz/popperjs-es@^2.11.7":
  "integrity" "sha512-Ccy0NlLkzr0Ex2FKvh2X+OyERHXJ88XJ1MXtsI9y9fGexlaXaVTPzBCRBwIxFkORuOb+uBqeu+RqnpgYTEZRUQ=="
  "resolved" "https://registry.npmjs.org/@sxzz/popperjs-es/-/popperjs-es-2.11.7.tgz"
  "version" "2.11.7"

"@rollup/pluginutils@^5.0.2":
  "integrity" "sha512-pTd9rIsP92h+B6wWwFbW8RkZv4hiR/xKsqre4SIuAOaOEQRxi0lqLke9k2/7WegC85GgUs9pjmOjCUi3In4vwA=="
  "resolved" "https://registry.npmjs.org/@rollup/pluginutils/-/pluginutils-5.0.2.tgz"
  "version" "5.0.2"
  dependencies:
    "@types/estree" "^1.0.0"
    "estree-walker" "^2.0.2"
    "picomatch" "^2.3.1"

"@types/estree@^1.0.0":
  "integrity" "sha512-LG4opVs2ANWZ1TJoKc937iMmNstM/d0ae1vNbnBvBhqCSezgVUOzcLCqbI5elV8Vy6WKwKjaqR+zO9VKirBBCA=="
  "resolved" "https://registry.npmjs.org/@types/estree/-/estree-1.0.1.tgz"
  "version" "1.0.1"

"@types/lodash-es@*", "@types/lodash-es@^4.17.6":
  "integrity" "sha512-R+zTeVUKDdfoRxpAryaQNRKk3105Rrgx2CFRClIgRGaqDTdjsm8h6IYA8ir584W3ePzkZfst5xIgDwYrlh9HLg=="
  "resolved" "https://registry.npmjs.org/@types/lodash-es/-/lodash-es-4.17.6.tgz"
  "version" "4.17.6"
  dependencies:
    "@types/lodash" "*"

"@types/lodash@*", "@types/lodash@^4.14.182":
  "integrity" "sha512-eHcVlLXP0c2FlMPm56ITode2AgLMSa6aJ05JTTbYbI+7EMkCEE5qk2E41d5g2lCVTqRe0GnnRFurmlCsDODrPw=="
  "resolved" "https://registry.npmjs.org/@types/lodash/-/lodash-4.14.186.tgz"
  "version" "4.14.186"

"@types/web-bluetooth@^0.0.16":
  "integrity" "sha512-oh8q2Zc32S6gd/j50GowEjKLoOVOwHP/bWVjKJInBwQqdOYMdPrf1oVlelTlyfFK3CKxL1uahMDAr+vy8T7yMQ=="
  "resolved" "https://registry.npmjs.org/@types/web-bluetooth/-/web-bluetooth-0.0.16.tgz"
  "version" "0.0.16"

"@videojs/http-streaming@3.0.0":
  "integrity" "sha512-AdKmY/W2dyeJP0uALgMRmhLa4pbHMvE4OMlg6yQvufnqsz6jDFo1DYnZRv2ENDYrmVdnPH58Ehgu59053+OIhQ=="
  "resolved" "https://registry.npmjs.org/@videojs/http-streaming/-/http-streaming-3.0.0.tgz"
  "version" "3.0.0"
  dependencies:
    "@babel/runtime" "^7.12.5"
    "@videojs/vhs-utils" "4.0.0"
    "aes-decrypter" "4.0.1"
    "global" "^4.4.0"
    "m3u8-parser" "^6.0.0"
    "mpd-parser" "^1.0.1"
    "mux.js" "6.2.0"
    "video.js" "^7 || ^8"

"@videojs/vhs-utils@^3.0.5":
  "integrity" "sha512-PKVgdo8/GReqdx512F+ombhS+Bzogiofy1LgAj4tN8PfdBx3HSS7V5WfJotKTqtOWGwVfSWsrYN/t09/DSryrw=="
  "resolved" "https://registry.npmjs.org/@videojs/vhs-utils/-/vhs-utils-3.0.5.tgz"
  "version" "3.0.5"
  dependencies:
    "@babel/runtime" "^7.12.5"
    "global" "^4.4.0"
    "url-toolkit" "^2.2.1"

"@videojs/vhs-utils@^4.0.0", "@videojs/vhs-utils@4.0.0":
  "integrity" "sha512-xJp7Yd4jMLwje2vHCUmi8MOUU76nxiwII3z4Eg3Ucb+6rrkFVGosrXlMgGnaLjq724j3wzNElRZ71D/CKrTtxg=="
  "resolved" "https://registry.npmjs.org/@videojs/vhs-utils/-/vhs-utils-4.0.0.tgz"
  "version" "4.0.0"
  dependencies:
    "@babel/runtime" "^7.12.5"
    "global" "^4.4.0"
    "url-toolkit" "^2.2.1"

"@videojs/xhr@2.6.0":
  "integrity" "sha512-7J361GiN1tXpm+gd0xz2QWr3xNWBE+rytvo8J3KuggFaLg+U37gZQ2BuPLcnkfGffy2e+ozY70RHC8jt7zjA6Q=="
  "resolved" "https://registry.npmjs.org/@videojs/xhr/-/xhr-2.6.0.tgz"
  "version" "2.6.0"
  dependencies:
    "@babel/runtime" "^7.5.5"
    "global" "~4.4.0"
    "is-function" "^1.0.1"

"@vitejs/plugin-vue@^3.0.3":
  "integrity" "sha512-3zxKNlvA3oNaKDYX0NBclgxTQ1xaFdL7PzwF6zj9tGFziKwmBa3Q/6XcJQxudlT81WxDjEhHmevvIC4Orc1LhQ=="
  "resolved" "https://registry.npmjs.org/@vitejs/plugin-vue/-/plugin-vue-3.1.2.tgz"
  "version" "3.1.2"

"@volar/code-gen@0.39.5":
  "integrity" "sha512-vQr5VoCH8T2NHmqLc/AA1/4F8l41WB+24+I+VjxBaev/Hmwjye9K0GlmMHAOl84WB3hWGOqpHaPX6JkqzRNjJg=="
  "resolved" "https://registry.npmjs.org/@volar/code-gen/-/code-gen-0.39.5.tgz"
  "version" "0.39.5"
  dependencies:
    "@volar/source-map" "0.39.5"

"@volar/source-map@0.39.5":
  "integrity" "sha512-IVOX+v++Sr5Kok4/cLbDJp2vf1ia1rChpV7adgcnMle6uORBuGFEur234UzamK0iHRCcfFFRz7z+hSPf2CO23Q=="
  "resolved" "https://registry.npmjs.org/@volar/source-map/-/source-map-0.39.5.tgz"
  "version" "0.39.5"

"@volar/typescript-faster@0.39.5":
  "integrity" "sha512-IzLqlxefmKkjNKXC/8aFiqPcTqnj6RG31D2f9cIWxmW9pvUYJxLED+y9phnOxNxq0OmeRtQ3Pfmvu85tUBoZsQ=="
  "resolved" "https://registry.npmjs.org/@volar/typescript-faster/-/typescript-faster-0.39.5.tgz"
  "version" "0.39.5"
  dependencies:
    "semver" "^7.3.7"

"@volar/vue-code-gen@0.39.5":
  "integrity" "sha512-y+QUV9MuuasiIuRoGKQl+gMhDaAX6XNhckAyJCvD1FZ8f2eJuPY2VtoFxmu/Z2bGWBdtUW/g98jaeKJ+j3wwOw=="
  "resolved" "https://registry.npmjs.org/@volar/vue-code-gen/-/vue-code-gen-0.39.5.tgz"
  "version" "0.39.5"
  dependencies:
    "@volar/code-gen" "0.39.5"
    "@volar/source-map" "0.39.5"
    "@vue/compiler-core" "^3.2.37"
    "@vue/compiler-dom" "^3.2.37"
    "@vue/shared" "^3.2.37"

"@volar/vue-language-core@0.39.5":
  "integrity" "sha512-m+e1tYuL/WRPhSeC7hZ0NuSwHsfnnGJVxCBHLaP7jR0f6xcC0DAegP3QF+gfu9ZJFPGznpZYFKadngMjuhQS9Q=="
  "resolved" "https://registry.npmjs.org/@volar/vue-language-core/-/vue-language-core-0.39.5.tgz"
  "version" "0.39.5"
  dependencies:
    "@volar/code-gen" "0.39.5"
    "@volar/source-map" "0.39.5"
    "@volar/vue-code-gen" "0.39.5"
    "@vue/compiler-sfc" "^3.2.37"
    "@vue/reactivity" "^3.2.37"

"@volar/vue-typescript@0.39.5":
  "integrity" "sha512-ckhWD1xOi0OMr702XVkv/Npsb9FKAp5gvhxyLv0QqWekPdSo04t4KrZfwosJLGERIEcyr50SuB7HqBp8ndQmzA=="
  "resolved" "https://registry.npmjs.org/@volar/vue-typescript/-/vue-typescript-0.39.5.tgz"
  "version" "0.39.5"
  dependencies:
    "@volar/code-gen" "0.39.5"
    "@volar/typescript-faster" "0.39.5"
    "@volar/vue-language-core" "0.39.5"

"@vue/compiler-core@^3.2.37", "@vue/compiler-core@3.2.41":
  "integrity" "sha512-oA4mH6SA78DT+96/nsi4p9DX97PHcNROxs51lYk7gb9Z4BPKQ3Mh+BLn6CQZBw857Iuhu28BfMSRHAlPvD4vlw=="
  "resolved" "https://registry.npmjs.org/@vue/compiler-core/-/compiler-core-3.2.41.tgz"
  "version" "3.2.41"
  dependencies:
    "@babel/parser" "^7.16.4"
    "@vue/shared" "3.2.41"
    "estree-walker" "^2.0.2"
    "source-map" "^0.6.1"

"@vue/compiler-dom@^3.2.37", "@vue/compiler-dom@3.2.41":
  "integrity" "sha512-xe5TbbIsonjENxJsYRbDJvthzqxLNk+tb3d/c47zgREDa/PCp6/Y4gC/skM4H6PIuX5DAxm7fFJdbjjUH2QTMw=="
  "resolved" "https://registry.npmjs.org/@vue/compiler-dom/-/compiler-dom-3.2.41.tgz"
  "version" "3.2.41"
  dependencies:
    "@vue/compiler-core" "3.2.41"
    "@vue/shared" "3.2.41"

"@vue/compiler-sfc@^3.2.37", "@vue/compiler-sfc@3.2.41":
  "integrity" "sha512-+1P2m5kxOeaxVmJNXnBskAn3BenbTmbxBxWOtBq3mQTCokIreuMULFantBUclP0+KnzNCMOvcnKinqQZmiOF8w=="
  "resolved" "https://registry.npmjs.org/@vue/compiler-sfc/-/compiler-sfc-3.2.41.tgz"
  "version" "3.2.41"
  dependencies:
    "@babel/parser" "^7.16.4"
    "@vue/compiler-core" "3.2.41"
    "@vue/compiler-dom" "3.2.41"
    "@vue/compiler-ssr" "3.2.41"
    "@vue/reactivity-transform" "3.2.41"
    "@vue/shared" "3.2.41"
    "estree-walker" "^2.0.2"
    "magic-string" "^0.25.7"
    "postcss" "^8.1.10"
    "source-map" "^0.6.1"

"@vue/compiler-ssr@3.2.41":
  "integrity" "sha512-Y5wPiNIiaMz/sps8+DmhaKfDm1xgj6GrH99z4gq2LQenfVQcYXmHIOBcs5qPwl7jaW3SUQWjkAPKMfQemEQZwQ=="
  "resolved" "https://registry.npmjs.org/@vue/compiler-ssr/-/compiler-ssr-3.2.41.tgz"
  "version" "3.2.41"
  dependencies:
    "@vue/compiler-dom" "3.2.41"
    "@vue/shared" "3.2.41"

"@vue/devtools-api@^6.1.4", "@vue/devtools-api@^6.4.4":
  "integrity" "sha512-JD5fcdIuFxU4fQyXUu3w2KpAJHzTVdN+p4iOX2lMWSHMOoQdMAcpFLZzm9Z/2nmsoZ1a96QEhZ26e50xLBsgOQ=="
  "resolved" "https://registry.npmjs.org/@vue/devtools-api/-/devtools-api-6.4.5.tgz"
  "version" "6.4.5"

"@vue/reactivity-transform@3.2.41":
  "integrity" "sha512-mK5+BNMsL4hHi+IR3Ft/ho6Za+L3FA5j8WvreJ7XzHrqkPq8jtF/SMo7tuc9gHjLDwKZX1nP1JQOKo9IEAn54A=="
  "resolved" "https://registry.npmjs.org/@vue/reactivity-transform/-/reactivity-transform-3.2.41.tgz"
  "version" "3.2.41"
  dependencies:
    "@babel/parser" "^7.16.4"
    "@vue/compiler-core" "3.2.41"
    "@vue/shared" "3.2.41"
    "estree-walker" "^2.0.2"
    "magic-string" "^0.25.7"

"@vue/reactivity@^3.2.37", "@vue/reactivity@3.2.41":
  "integrity" "sha512-9JvCnlj8uc5xRiQGZ28MKGjuCoPhhTwcoAdv3o31+cfGgonwdPNuvqAXLhlzu4zwqavFEG5tvaoINQEfxz+l6g=="
  "resolved" "https://registry.npmjs.org/@vue/reactivity/-/reactivity-3.2.41.tgz"
  "version" "3.2.41"
  dependencies:
    "@vue/shared" "3.2.41"

"@vue/runtime-core@3.2.41":
  "integrity" "sha512-0LBBRwqnI0p4FgIkO9q2aJBBTKDSjzhnxrxHYengkAF6dMOjeAIZFDADAlcf2h3GDALWnblbeprYYpItiulSVQ=="
  "resolved" "https://registry.npmjs.org/@vue/runtime-core/-/runtime-core-3.2.41.tgz"
  "version" "3.2.41"
  dependencies:
    "@vue/reactivity" "3.2.41"
    "@vue/shared" "3.2.41"

"@vue/runtime-dom@3.2.41":
  "integrity" "sha512-U7zYuR1NVIP8BL6jmOqmapRAHovEFp7CSw4pR2FacqewXNGqZaRfHoNLQsqQvVQ8yuZNZtxSZy0FFyC70YXPpA=="
  "resolved" "https://registry.npmjs.org/@vue/runtime-dom/-/runtime-dom-3.2.41.tgz"
  "version" "3.2.41"
  dependencies:
    "@vue/runtime-core" "3.2.41"
    "@vue/shared" "3.2.41"
    "csstype" "^2.6.8"

"@vue/server-renderer@3.2.41":
  "integrity" "sha512-7YHLkfJdTlsZTV0ae5sPwl9Gn/EGr2hrlbcS/8naXm2CDpnKUwC68i1wGlrYAfIgYWL7vUZwk2GkYLQH5CvFig=="
  "resolved" "https://registry.npmjs.org/@vue/server-renderer/-/server-renderer-3.2.41.tgz"
  "version" "3.2.41"
  dependencies:
    "@vue/compiler-ssr" "3.2.41"
    "@vue/shared" "3.2.41"

"@vue/shared@^3.2.37", "@vue/shared@3.2.41":
  "integrity" "sha512-W9mfWLHmJhkfAmV+7gDjcHeAWALQtgGT3JErxULl0oz6R6+3ug91I7IErs93eCFhPCZPHBs4QJS7YWEV7A3sxw=="
  "resolved" "https://registry.npmjs.org/@vue/shared/-/shared-3.2.41.tgz"
  "version" "3.2.41"

"@vueuse/core@*", "@vueuse/core@^9.1.0":
  "integrity" "sha512-xriyD+v3D2ObH/UtnkEl+1sbcLBVHNaZaLi/rqoNEe/B92hggDEFQIGXoQUjdRzYOjASHSezf9uCDtmd7LeWyA=="
  "resolved" "https://registry.npmjs.org/@vueuse/core/-/core-9.3.1.tgz"
  "version" "9.3.1"
  dependencies:
    "@types/web-bluetooth" "^0.0.16"
    "@vueuse/metadata" "9.3.1"
    "@vueuse/shared" "9.3.1"
    "vue-demi" "*"

"@vueuse/metadata@9.3.1":
  "integrity" "sha512-G1BPhtx3OHaL/y4OZBofh6Xt02G1VA9PuOO8nac9sTKMkMqfyez5VfkF3D9GUjSRNO7cVWyH4rceeGXfr2wdMg=="
  "resolved" "https://registry.npmjs.org/@vueuse/metadata/-/metadata-9.3.1.tgz"
  "version" "9.3.1"

"@vueuse/shared@9.3.1":
  "integrity" "sha512-YFu3qcnVeu0S2L4XdQJtBpDcjz6xwqHZtTv/XRhu66/yge1XVhxskUcc7VZbX52xF9A34V6KCfwncP9YDqYFiw=="
  "resolved" "https://registry.npmjs.org/@vueuse/shared/-/shared-9.3.1.tgz"
  "version" "9.3.1"
  dependencies:
    "vue-demi" "*"

"@xmldom/xmldom@^0.8.3":
  "integrity" "sha512-uRjjusqpoqfmRkTaNuLJ2VohVr67Q5YwDATW3VU7PfzTj6IRaihGrYI7zckGZjxQPBIp63nfvJbM+Yu5ICh0Bg=="
  "resolved" "https://registry.npmjs.org/@xmldom/xmldom/-/xmldom-0.8.6.tgz"
  "version" "0.8.6"

"acorn@^8.8.2":
  "integrity" "sha512-xjIYgE8HBrkpd/sJqOGNspf8uHG+NOHGOw6a/Urj8taM2EXfdNAH2oFcPeIFfsv3+kz/mJrS5VuMqbNLjCa2vw=="
  "resolved" "https://registry.npmjs.org/acorn/-/acorn-8.8.2.tgz"
  "version" "8.8.2"

"aes-decrypter@^4.0.1", "aes-decrypter@4.0.1":
  "integrity" "sha512-H1nh/P9VZXUf17AA5NQfJML88CFjVBDuGkp5zDHa7oEhYN9TTpNLJknRY1ie0iSKWlDf6JRnJKaZVDSQdPy6Cg=="
  "resolved" "https://registry.npmjs.org/aes-decrypter/-/aes-decrypter-4.0.1.tgz"
  "version" "4.0.1"
  dependencies:
    "@babel/runtime" "^7.12.5"
    "@videojs/vhs-utils" "^3.0.5"
    "global" "^4.4.0"
    "pkcs7" "^1.0.4"

"anymatch@~3.1.2":
  "integrity" "sha512-P43ePfOAIupkguHUycrc4qJ9kz8ZiuOUijaETwX7THt0Y/GNK7v0aa8rY816xWjZ7rJdA5XdMcpVFTKMq+RvWg=="
  "resolved" "https://registry.npmjs.org/anymatch/-/anymatch-3.1.2.tgz"
  "version" "3.1.2"
  dependencies:
    "normalize-path" "^3.0.0"
    "picomatch" "^2.0.4"

"async-validator@^4.2.5":
  "integrity" "sha512-7HhHjtERjqlNbZtqNqy2rckN/SpOOlmDliet+lP7k+eKZEjPk3DgyeU9lIXLdeLz0uBbbVp+9Qdow9wJWgwwfg=="
  "resolved" "https://registry.npmjs.org/async-validator/-/async-validator-4.2.5.tgz"
  "version" "4.2.5"

"balanced-match@^1.0.0":
  "integrity" "sha512-3oSeUO0TMV67hN1AmbXsK4yaqU7tjiHlbxRDZOpH0KW9+CeX4bRAaX0Anxt0tx2MrpRpWwQaPwIlISEJhYU5Pw=="
  "resolved" "https://registry.npmjs.org/balanced-match/-/balanced-match-1.0.2.tgz"
  "version" "1.0.2"

"binary-extensions@^2.0.0":
  "integrity" "sha512-jDctJ/IVQbZoJykoeHbhXpOlNBqGNcwXJKJog42E5HDPUwQTSdjCHdihjj0DlnheQ7blbT6dHOafNAiS8ooQKA=="
  "resolved" "https://registry.npmjs.org/binary-extensions/-/binary-extensions-2.2.0.tgz"
  "version" "2.2.0"

"brace-expansion@^2.0.1":
  "integrity" "sha512-XnAIvQ8eM+kC6aULx6wuQiwVsnzsi9d3WxzV3FpWTGA19F621kwdbsAcFKXgKUHZWsy+mY6iL1sHTxWEFCytDA=="
  "resolved" "https://registry.npmjs.org/brace-expansion/-/brace-expansion-2.0.1.tgz"
  "version" "2.0.1"
  dependencies:
    "balanced-match" "^1.0.0"

"braces@^3.0.2", "braces@~3.0.2":
  "integrity" "sha512-b8um+L1RzM3WDSzvhm6gIz1yfTbBt6YTlcEKAvsmqCZZFw46z626lVj9j1yEPW33H5H+lBQpZMP1k8l+78Ha0A=="
  "resolved" "https://registry.npmjs.org/braces/-/braces-3.0.2.tgz"
  "version" "3.0.2"
  dependencies:
    "fill-range" "^7.0.1"

"chokidar@^3.5.3", "chokidar@>=3.0.0 <4.0.0":
  "integrity" "sha512-Dr3sfKRP6oTcjf2JmUmFJfeVMvXBdegxB0iVQ5eb2V10uFJUCAS8OByZdVAyVb8xXNz3GjjTgj9kLWsZTqE6kw=="
  "resolved" "https://registry.npmjs.org/chokidar/-/chokidar-3.5.3.tgz"
  "version" "3.5.3"
  dependencies:
    "anymatch" "~3.1.2"
    "braces" "~3.0.2"
    "glob-parent" "~5.1.2"
    "is-binary-path" "~2.1.0"
    "is-glob" "~4.0.1"
    "normalize-path" "~3.0.0"
    "readdirp" "~3.6.0"
  optionalDependencies:
    "fsevents" "~2.3.2"

"csstype@^2.6.8":
  "integrity" "sha512-Z1PhmomIfypOpoMjRQB70jfvy/wxT50qW08YXO5lMIJkrdq4yOTR+AW7FqutScmB9NkLwxo+jU+kZLbofZZq/w=="
  "resolved" "https://registry.npmjs.org/csstype/-/csstype-2.6.21.tgz"
  "version" "2.6.21"

"dayjs@^1.11.3":
  "integrity" "sha512-CAdX5Q3YW3Gclyo5Vpqkgpj8fSdLQcRuzfX6mC6Phy0nfJ0eGYOeS7m4mt2plDWLAtA4TqTakvbboHvUxfe4iA=="
  "resolved" "https://registry.npmjs.org/dayjs/-/dayjs-1.11.5.tgz"
  "version" "1.11.5"

"debug@^4.3.4":
  "integrity" "sha512-PRWFHuSU3eDtQJPvnNY7Jcket1j0t5OuOsFzPPzsekD52Zl8qUfFIPEiswXqIvHWGVHOgX+7G/vCNNhehwxfkQ=="
  "resolved" "https://registry.npmjs.org/debug/-/debug-4.3.4.tgz"
  "version" "4.3.4"
  dependencies:
    "ms" "2.1.2"

"dom-walk@^0.1.0":
  "integrity" "sha512-6QvTW9mrGeIegrFXdtQi9pk7O/nSK6lSdXW2eqUspN5LWD7UTji2Fqw5V2YLjBpHEoU9Xl/eUWNpDeZvoyOv2w=="
  "resolved" "https://registry.npmjs.org/dom-walk/-/dom-walk-0.1.2.tgz"
  "version" "0.1.2"

"element-plus@^2.2.18":
  "integrity" "sha512-2pK2zmVOwP14eFl3rGoR+3BWJwDyO+DZCvzjQ8L6qjUR+hVKwFhgxIcSkKJatbcHFw5Xui6UyN20jV+gQP7mLg=="
  "resolved" "https://registry.npmjs.org/element-plus/-/element-plus-2.2.18.tgz"
  "version" "2.2.18"
  dependencies:
    "@ctrl/tinycolor" "^3.4.1"
    "@element-plus/icons-vue" "^2.0.6"
    "@floating-ui/dom" "^1.0.1"
    "@popperjs/core" "npm:@sxzz/popperjs-es@^2.11.7"
    "@types/lodash" "^4.14.182"
    "@types/lodash-es" "^4.17.6"
    "@vueuse/core" "^9.1.0"
    "async-validator" "^4.2.5"
    "dayjs" "^1.11.3"
    "escape-html" "^1.0.3"
    "lodash" "^4.17.21"
    "lodash-es" "^4.17.21"
    "lodash-unified" "^1.0.2"
    "memoize-one" "^6.0.0"
    "normalize-wheel-es" "^1.2.0"

"esbuild-darwin-arm64@0.15.18":
  "integrity" "sha512-tKPSxcTJ5OmNb1btVikATJ8NftlyNlc8BVNtyT/UAr62JFOhwHlnoPrhYWz09akBLHI9nElFVfWSTSRsrZiDUA=="
  "resolved" "https://registry.npmjs.org/esbuild-darwin-arm64/-/esbuild-darwin-arm64-0.15.18.tgz"
  "version" "0.15.18"

"esbuild@^0.15.9":
  "integrity" "sha512-x/R72SmW3sSFRm5zrrIjAhCeQSAWoni3CmHEqfQrZIQTM3lVCdehdwuIqaOtfC2slvpdlLa62GYoN8SxT23m6Q=="
  "resolved" "https://registry.npmjs.org/esbuild/-/esbuild-0.15.18.tgz"
  "version" "0.15.18"
  optionalDependencies:
    "@esbuild/android-arm" "0.15.18"
    "@esbuild/linux-loong64" "0.15.18"
    "esbuild-android-64" "0.15.18"
    "esbuild-android-arm64" "0.15.18"
    "esbuild-darwin-64" "0.15.18"
    "esbuild-darwin-arm64" "0.15.18"
    "esbuild-freebsd-64" "0.15.18"
    "esbuild-freebsd-arm64" "0.15.18"
    "esbuild-linux-32" "0.15.18"
    "esbuild-linux-64" "0.15.18"
    "esbuild-linux-arm" "0.15.18"
    "esbuild-linux-arm64" "0.15.18"
    "esbuild-linux-mips64le" "0.15.18"
    "esbuild-linux-ppc64le" "0.15.18"
    "esbuild-linux-riscv64" "0.15.18"
    "esbuild-linux-s390x" "0.15.18"
    "esbuild-netbsd-64" "0.15.18"
    "esbuild-openbsd-64" "0.15.18"
    "esbuild-sunos-64" "0.15.18"
    "esbuild-windows-32" "0.15.18"
    "esbuild-windows-64" "0.15.18"
    "esbuild-windows-arm64" "0.15.18"

"escape-html@^1.0.3":
  "integrity" "sha512-NiSupZ4OeuGwr68lGIeym/ksIZMJodUGOSCZ/FSnTxcrekbvqrgdUxlJOMpijaKZVjAJrWrGs/6Jy8OMuyj9ow=="
  "resolved" "https://registry.npmjs.org/escape-html/-/escape-html-1.0.3.tgz"
  "version" "1.0.3"

"escape-string-regexp@^5.0.0":
  "integrity" "sha512-/veY75JbMK4j1yjvuUxuVsiS/hr/4iHs9FTT6cgTexxdE0Ly/glccBAkloH/DofkjRbZU3bnoj38mOmhkZ0lHw=="
  "resolved" "https://registry.npmjs.org/escape-string-regexp/-/escape-string-regexp-5.0.0.tgz"
  "version" "5.0.0"

"estree-walker@^2.0.2":
  "integrity" "sha512-Rfkk/Mp/DL7JVje3u18FxFujQlTNR2q6QfMSMB7AvCBx91NGj/ba3kCfza0f6dVDbw7YlRf/nDrn7pQrCCyQ/w=="
  "resolved" "https://registry.npmjs.org/estree-walker/-/estree-walker-2.0.2.tgz"
  "version" "2.0.2"

"fast-glob@^3.2.12":
  "integrity" "sha512-DVj4CQIYYow0BlaelwK1pHl5n5cRSJfM60UA0zK891sVInoPri2Ekj7+e1CT3/3qxXenpI+nBBmQAcJPJgaj4w=="
  "resolved" "https://registry.npmjs.org/fast-glob/-/fast-glob-3.2.12.tgz"
  "version" "3.2.12"
  dependencies:
    "@nodelib/fs.stat" "^2.0.2"
    "@nodelib/fs.walk" "^1.2.3"
    "glob-parent" "^5.1.2"
    "merge2" "^1.3.0"
    "micromatch" "^4.0.4"

"fastq@^1.6.0":
  "integrity" "sha512-wBrocU2LCXXa+lWBt8RoIRD89Fi8OdABODa/kEnyeyjS5aZO5/GNvI5sEINADqP/h8M29UHTHUb53sUu5Ihqdw=="
  "resolved" "https://registry.npmjs.org/fastq/-/fastq-1.15.0.tgz"
  "version" "1.15.0"
  dependencies:
    "reusify" "^1.0.4"

"fill-range@^7.0.1":
  "integrity" "sha512-qOo9F+dMUmC2Lcb4BbVvnKJxTPjCm+RRpe4gDuGrzkL7mEVl/djYSu2OdQ2Pa302N4oqkSg9ir6jaLWJ2USVpQ=="
  "resolved" "https://registry.npmjs.org/fill-range/-/fill-range-7.0.1.tgz"
  "version" "7.0.1"
  dependencies:
    "to-regex-range" "^5.0.1"

"fsevents@~2.3.2":
  "integrity" "sha512-xiqMQR4xAeHTuB9uWm+fFRcIOgKBMiOBP+eXiyT7jsgVCq1bkVygt00oASowB7EdtpOHaaPgKt812P9ab+DDKA=="
  "resolved" "https://registry.npmjs.org/fsevents/-/fsevents-2.3.2.tgz"
  "version" "2.3.2"

"function-bind@^1.1.1":
  "integrity" "sha512-yIovAzMX49sF8Yl58fSCWJ5svSLuaibPxXQJFLmBObTuCr0Mf1KiPopGM9NiFjiYBCbfaa2Fh6breQ6ANVTI0A=="
  "resolved" "https://registry.npmjs.org/function-bind/-/function-bind-1.1.1.tgz"
  "version" "1.1.1"

"glob-parent@^5.1.2", "glob-parent@~5.1.2":
  "integrity" "sha512-AOIgSQCepiJYwP3ARnGx+5VnTu2HBYdzbGP45eLw1vr3zB3vZLeyed1sC9hnbcOc9/SrMyM5RPQrkGz4aS9Zow=="
  "resolved" "https://registry.npmjs.org/glob-parent/-/glob-parent-5.1.2.tgz"
  "version" "5.1.2"
  dependencies:
    "is-glob" "^4.0.1"

"global@^4.3.1", "global@^4.4.0", "global@~4.4.0", "global@4.4.0":
  "integrity" "sha512-wv/LAoHdRE3BeTGz53FAamhGlPLhlssK45usmGFThIi4XqnBmjKQ16u+RNbP7WvigRZDxUsM0J3gcQ5yicaL0w=="
  "resolved" "https://registry.npmjs.org/global/-/global-4.4.0.tgz"
  "version" "4.4.0"
  dependencies:
    "min-document" "^2.19.0"
    "process" "^0.11.10"

"has@^1.0.3":
  "integrity" "sha512-f2dvO0VU6Oej7RkWJGrehjbzMAjFp5/VKPp5tTpWIV4JHHZK1/BxbFRtf/siA2SWTe09caDmVtYYzWEIbBS4zw=="
  "resolved" "https://registry.npmjs.org/has/-/has-1.0.3.tgz"
  "version" "1.0.3"
  dependencies:
    "function-bind" "^1.1.1"

"highlight.js@^11.6.0":
  "integrity" "sha512-ig1eqDzJaB0pqEvlPVIpSSyMaO92bH1N2rJpLMN/nX396wTpDA4Eq0uK+7I/2XG17pFaaKE0kjV/XPeGt7Evjw=="
  "resolved" "https://registry.npmjs.org/highlight.js/-/highlight.js-11.6.0.tgz"
  "version" "11.6.0"

"immutable@^4.0.0":
  "integrity" "sha512-oNkuqVTA8jqG1Q6c+UglTOD1xhC1BtjKI7XkCXRkZHrN5m18/XsnUp8Q89GkQO/z+0WjonSvl0FLhDYftp46nQ=="
  "resolved" "https://registry.npmjs.org/immutable/-/immutable-4.1.0.tgz"
  "version" "4.1.0"

"individual@^2.0.0":
  "integrity" "sha512-pWt8hBCqJsUWI/HtcfWod7+N9SgAqyPEaF7JQjwzjn5vGrpg6aQ5qeAFQ7dx//UH4J1O+7xqew+gCeeFt6xN/g=="
  "resolved" "https://registry.npmjs.org/individual/-/individual-2.0.0.tgz"
  "version" "2.0.0"

"is-binary-path@~2.1.0":
  "integrity" "sha512-ZMERYes6pDydyuGidse7OsHxtbI7WVeUEozgR/g7rd0xUimYNlvZRE/K2MgZTjWy725IfelLeVcEM97mmtRGXw=="
  "resolved" "https://registry.npmjs.org/is-binary-path/-/is-binary-path-2.1.0.tgz"
  "version" "2.1.0"
  dependencies:
    "binary-extensions" "^2.0.0"

"is-core-module@^2.9.0":
  "integrity" "sha512-RRjxlvLDkD1YJwDbroBHMb+cukurkDWNyHx7D3oNB5x9rb5ogcksMC5wHCadcXoo67gVr/+3GFySh3134zi6rw=="
  "resolved" "https://registry.npmjs.org/is-core-module/-/is-core-module-2.11.0.tgz"
  "version" "2.11.0"
  dependencies:
    "has" "^1.0.3"

"is-extglob@^2.1.1":
  "integrity" "sha512-SbKbANkN603Vi4jEZv49LeVJMn4yGwsbzZworEoyEiutsN3nJYdbO36zfhGJ6QEDpOZIFkDtnq5JRxmvl3jsoQ=="
  "resolved" "https://registry.npmjs.org/is-extglob/-/is-extglob-2.1.1.tgz"
  "version" "2.1.1"

"is-function@^1.0.1":
  "integrity" "sha512-lw7DUp0aWXYg+CBCN+JKkcE0Q2RayZnSvnZBlwgxHBQhqt5pZNVy4Ri7H9GmmXkdu7LUthszM+Tor1u/2iBcpQ=="
  "resolved" "https://registry.npmjs.org/is-function/-/is-function-1.0.2.tgz"
  "version" "1.0.2"

"is-glob@^4.0.1", "is-glob@~4.0.1":
  "integrity" "sha512-xelSayHH36ZgE7ZWhli7pW34hNbNl8Ojv5KVmkJD4hBdD3th8Tfk9vYasLM+mXWOZhFkgZfxhLSnrwRr4elSSg=="
  "resolved" "https://registry.npmjs.org/is-glob/-/is-glob-4.0.3.tgz"
  "version" "4.0.3"
  dependencies:
    "is-extglob" "^2.1.1"

"is-number@^7.0.0":
  "integrity" "sha512-41Cifkg6e8TylSpdtTpeLVMqvSBEVzTttHvERD741+pnZ8ANv0004MRL43QKPDlK9cGvNp6NZWZUBlbGXYxxng=="
  "resolved" "https://registry.npmjs.org/is-number/-/is-number-7.0.0.tgz"
  "version" "7.0.0"

"jsonc-parser@^3.2.0":
  "integrity" "sha512-gfFQZrcTc8CnKXp6Y4/CBT3fTc0OVuDofpre4aEeEpSBPV5X5v4+Vmx+8snU7RLPrNHPKSgLxGo9YuQzz20o+w=="
  "resolved" "https://registry.npmjs.org/jsonc-parser/-/jsonc-parser-3.2.0.tgz"
  "version" "3.2.0"

"keycode@2.2.0":
  "integrity" "sha512-ps3I9jAdNtRpJrbBvQjpzyFbss/skHqzS+eu4RxKLaEAtFqkjZaB6TZMSivPbLxf4K7VI4SjR0P5mRCX5+Q25A=="
  "resolved" "https://registry.npmjs.org/keycode/-/keycode-2.2.0.tgz"
  "version" "2.2.0"

"local-pkg@^0.4.2", "local-pkg@^0.4.3":
  "integrity" "sha512-SFppqq5p42fe2qcZQqqEOiVRXl+WCP1MdT6k7BDEW1j++sp5fIY+/fdRQitvKgB5BrBcmrs5m/L0v2FrU5MY1g=="
  "resolved" "https://registry.npmjs.org/local-pkg/-/local-pkg-0.4.3.tgz"
  "version" "0.4.3"

"lodash-es@*", "lodash-es@^4.17.21":
  "integrity" "sha512-mKnC+QJ9pWVzv+C4/U3rRsHapFfHvQFoFB92e52xeyGMcX6/OlIl78je1u8vePzYZSkkogMPJ2yjxxsb89cxyw=="
  "resolved" "https://registry.npmjs.org/lodash-es/-/lodash-es-4.17.21.tgz"
  "version" "4.17.21"

"lodash-unified@^1.0.2":
  "integrity" "sha512-OGbEy+1P+UT26CYi4opY4gebD8cWRDxAT6MAObIVQMiqYdxZr1g3QHWCToVsm31x2NkLS4K3+MC2qInaRMa39g=="
  "resolved" "https://registry.npmjs.org/lodash-unified/-/lodash-unified-1.0.2.tgz"
  "version" "1.0.2"

"lodash@*", "lodash@^4.17.21":
  "integrity" "sha512-v2kDEe57lecTulaDIuNTPy3Ry4gLGJ6Z1O3vE1krgXZNrsQ+LFTGHVxVjcXPs17LhbZVGedAJv8XZ1tvj5FvSg=="
  "resolved" "https://registry.npmjs.org/lodash/-/lodash-4.17.21.tgz"
  "version" "4.17.21"

"lru-cache@^6.0.0":
  "integrity" "sha512-Jo6dJ04CmSjuznwJSS3pUeWmd/H0ffTlkXXgwZi+eq1UCmqQwCh+eLsYOYCwY991i2Fah4h1BEMCx4qThGbsiA=="
  "resolved" "https://registry.npmjs.org/lru-cache/-/lru-cache-6.0.0.tgz"
  "version" "6.0.0"
  dependencies:
    "yallist" "^4.0.0"

"m3u8-parser@^6.0.0":
  "integrity" "sha512-s3JfDtqhxTilZQf+P1m9dZc4ohL4O/aylP1VV6g9lhKuQNfAcVUzq7d2wgJ9nZR4ibjuXaP87QzGCV6vB0kV6g=="
  "resolved" "https://registry.npmjs.org/m3u8-parser/-/m3u8-parser-6.0.0.tgz"
  "version" "6.0.0"
  dependencies:
    "@babel/runtime" "^7.12.5"
    "@videojs/vhs-utils" "^3.0.5"
    "global" "^4.4.0"

"magic-string@^0.25.7":
  "integrity" "sha512-RmF0AsMzgt25qzqqLc1+MbHmhdx0ojF2Fvs4XnOqz2ZOBXzzkEwc/dJQZCYHAn7v1jbVOjAZfK8msRn4BxO4VQ=="
  "resolved" "https://registry.npmjs.org/magic-string/-/magic-string-0.25.9.tgz"
  "version" "0.25.9"
  dependencies:
    "sourcemap-codec" "^1.4.8"

"magic-string@^0.26.7":
  "integrity" "sha512-hX9XH3ziStPoPhJxLq1syWuZMxbDvGNbVchfrdCtanC7D13888bMFow61x8axrx+GfHLtVeAx2kxL7tTGRl+Ow=="
  "resolved" "https://registry.npmjs.org/magic-string/-/magic-string-0.26.7.tgz"
  "version" "0.26.7"
  dependencies:
    "sourcemap-codec" "^1.4.8"

"magic-string@^0.27.0":
  "integrity" "sha512-8UnnX2PeRAPZuN12svgR9j7M1uWMovg/CEnIwIG0LFkXSJJe4PdfUGiTGl8V9bsBHFUtfVINcSyYxd7q+kx9fA=="
  "resolved" "https://registry.npmjs.org/magic-string/-/magic-string-0.27.0.tgz"
  "version" "0.27.0"
  dependencies:
    "@jridgewell/sourcemap-codec" "^1.4.13"

"marked@^4.1.1":
  "integrity" "sha512-0cNMnTcUJPxbA6uWmCmjWz4NJRe/0Xfk2NhXCUHjew9qJzFN20krFnsUe7QynwqOwa5m1fZ4UDg0ycKFVC0ccw=="
  "resolved" "https://registry.npmjs.org/marked/-/marked-4.1.1.tgz"
  "version" "4.1.1"

"memoize-one@^6.0.0":
  "integrity" "sha512-rkpe71W0N0c0Xz6QD0eJETuWAJGnJ9afsl1srmwPrI+yBCkge5EycXXbYRyvL29zZVUWQCY7InPRCv3GDXuZNw=="
  "resolved" "https://registry.npmjs.org/memoize-one/-/memoize-one-6.0.0.tgz"
  "version" "6.0.0"

"merge2@^1.3.0":
  "integrity" "sha512-8q7VEgMJW4J8tcfVPy8g09NcQwZdbwFEqhe/WZkoIzjn/3TGDwtOCYtXGxA3O8tPzpczCCDgv+P2P5y00ZJOOg=="
  "resolved" "https://registry.npmjs.org/merge2/-/merge2-1.4.1.tgz"
  "version" "1.4.1"

"micromatch@^4.0.4":
  "integrity" "sha512-DMy+ERcEW2q8Z2Po+WNXuw3c5YaUSFjAO5GsJqfEl7UjvtIuFKO6ZrKvcItdy98dwFI2N1tg3zNIdKaQT+aNdA=="
  "resolved" "https://registry.npmjs.org/micromatch/-/micromatch-4.0.5.tgz"
  "version" "4.0.5"
  dependencies:
    "braces" "^3.0.2"
    "picomatch" "^2.3.1"

"min-document@^2.19.0":
  "integrity" "sha512-9Wy1B3m3f66bPPmU5hdA4DR4PB2OfDU/+GS3yAB7IQozE3tqXaVv2zOjgla7MEGSRv95+ILmOuvhLkOK6wJtCQ=="
  "resolved" "https://registry.npmjs.org/min-document/-/min-document-2.19.0.tgz"
  "version" "2.19.0"
  dependencies:
    "dom-walk" "^0.1.0"

"minimatch@^5.1.1":
  "integrity" "sha512-lKwV/1brpG6mBUFHtb7NUmtABCb2WZZmm2wNiOA5hAb8VdCS4B3dtMWyvcoViccwAW/COERjXLt0zP1zXUN26g=="
  "resolved" "https://registry.npmjs.org/minimatch/-/minimatch-5.1.6.tgz"
  "version" "5.1.6"
  dependencies:
    "brace-expansion" "^2.0.1"

"mlly@^1.1.0", "mlly@^1.2.0":
  "integrity" "sha512-HT5mcgIQKkOrZecOjOX3DJorTikWXwsBfpcr/MGBkhfWcjiqvnaL/9ppxvIUXfjT6xt4DVIAsN9fMUz1ev4bIw=="
  "resolved" "https://registry.npmjs.org/mlly/-/mlly-1.3.0.tgz"
  "version" "1.3.0"
  dependencies:
    "acorn" "^8.8.2"
    "pathe" "^1.1.0"
    "pkg-types" "^1.0.3"
    "ufo" "^1.1.2"

"mpd-parser@^1.0.1":
  "integrity" "sha512-3CmVq7af3tcLqpx9SLBSweVnxS0SlpkKr+YBLC7O/wO1bv2L9tsCY350wziPWuMEjE5+x46i898sI4YIY3cmJA=="
  "resolved" "https://registry.npmjs.org/mpd-parser/-/mpd-parser-1.0.1.tgz"
  "version" "1.0.1"
  dependencies:
    "@babel/runtime" "^7.12.5"
    "@videojs/vhs-utils" "^3.0.5"
    "@xmldom/xmldom" "^0.8.3"
    "global" "^4.4.0"

"ms@2.1.2":
  "integrity" "sha512-sGkPx+VjMtmA6MX27oA4FBFELFCZZ4S4XqeGOXCv68tT+jb3vk/RyaKWP0PTKyWtmLSM0b+adUTEvbs1PEaH2w=="
  "resolved" "https://registry.npmjs.org/ms/-/ms-2.1.2.tgz"
  "version" "2.1.2"

"mux.js@^6.2.0", "mux.js@6.2.0":
  "integrity" "sha512-SKuxIcbmK/aJoz78aQNuoXY8R/uEPm1gQMqWTXL6DNl7oF8UPjdt/AunXGkPQpBouGWKDgL/TzSl2VV5NuboRg=="
  "resolved" "https://registry.npmjs.org/mux.js/-/mux.js-6.2.0.tgz"
  "version" "6.2.0"
  dependencies:
    "@babel/runtime" "^7.11.2"
    "global" "^4.4.0"

"nanoid@^3.3.4":
  "integrity" "sha512-MqBkQh/OHTS2egovRtLk45wEyNXwF+cokD+1YPf9u5VfJiRdAiRwB2froX5Co9Rh20xs4siNPm8naNotSD6RBw=="
  "resolved" "https://registry.npmjs.org/nanoid/-/nanoid-3.3.4.tgz"
  "version" "3.3.4"

"normalize-path@^3.0.0", "normalize-path@~3.0.0":
  "integrity" "sha512-6eZs5Ls3WtCisHWp9S2GUy8dqkpGi4BVSz3GaqiE6ezub0512ESztXUwUB6C6IKbQkY2Pnb/mD4WYojCRwcwLA=="
  "resolved" "https://registry.npmjs.org/normalize-path/-/normalize-path-3.0.0.tgz"
  "version" "3.0.0"

"normalize-wheel-es@^1.2.0":
  "integrity" "sha512-Wj7+EJQ8mSuXr2iWfnujrimU35R2W4FAErEyTmJoJ7ucwTn2hOUSsRehMb5RSYkxXGTM7Y9QpvPmp++w5ftoJw=="
  "resolved" "https://registry.npmjs.org/normalize-wheel-es/-/normalize-wheel-es-1.2.0.tgz"
  "version" "1.2.0"

"path-parse@^1.0.7":
  "integrity" "sha512-LDJzPVEEEPR+y48z93A0Ed0yXb8pAByGWo/k5YYdYgpY2/2EsOsksJrq7lOHxryrVOn1ejG6oAp8ahvOIQD8sw=="
  "resolved" "https://registry.npmjs.org/path-parse/-/path-parse-1.0.7.tgz"
  "version" "1.0.7"

"pathe@^1.0.0", "pathe@^1.1.0":
  "integrity" "sha512-d+RQGp0MAYTIaDBIMmOfMwz3E+LOZnxx1HZd5R18mmCZY0QBlK0LDZfPc8FW8Ed2DlvsuE6PRjroDY+wg4+j/Q=="
  "resolved" "https://registry.npmjs.org/pathe/-/pathe-1.1.1.tgz"
  "version" "1.1.1"

"picocolors@^1.0.0":
  "integrity" "sha512-1fygroTLlHu66zi26VoTDv8yRgm0Fccecssto+MhsZ0D/DGW2sm8E8AjW7NU5VVTRt5GxbeZ5qBuJr+HyLYkjQ=="
  "resolved" "https://registry.npmjs.org/picocolors/-/picocolors-1.0.0.tgz"
  "version" "1.0.0"

"picomatch@^2.0.4", "picomatch@^2.2.1", "picomatch@^2.3.1":
  "integrity" "sha512-JU3teHTNjmE2VCGFzuY8EXzCDVwEqB2a8fsIvwaStHhAWJEeVd1o1QD80CU6+ZdEXXSLbSsuLwJjkCBWqRQUVA=="
  "resolved" "https://registry.npmjs.org/picomatch/-/picomatch-2.3.1.tgz"
  "version" "2.3.1"

"pinia-plugin-persistedstate@^2.3.0":
  "integrity" "sha512-K7vzt68Z3lbMDjb23Ki2vgHVBP2QFvjl7WNwzIwqY/DAkhSt8mi/z6bN/cXTst7fJjXWF0lC9NyxFKHfxWehuw=="
  "resolved" "https://registry.npmjs.org/pinia-plugin-persistedstate/-/pinia-plugin-persistedstate-2.3.0.tgz"
  "version" "2.3.0"

"pinia@^2.0.0", "pinia@^2.0.23":
  "integrity" "sha512-N15hFf4o5STrxpNrib1IEb1GOArvPYf1zPvQVRGOO1G1d74Ak0J0lVyalX/SmrzdT4Q0nlEFjbURsmBmIGUR5Q=="
  "resolved" "https://registry.npmjs.org/pinia/-/pinia-2.0.23.tgz"
  "version" "2.0.23"
  dependencies:
    "@vue/devtools-api" "^6.4.4"
    "vue-demi" "*"

"pkcs7@^1.0.4":
  "integrity" "sha512-afRERtHn54AlwaF2/+LFszyAANTCggGilmcmILUzEjvs3XgFZT+xE6+QWQcAGmu4xajy+Xtj7acLOPdx5/eXWQ=="
  "resolved" "https://registry.npmjs.org/pkcs7/-/pkcs7-1.0.4.tgz"
  "version" "1.0.4"
  dependencies:
    "@babel/runtime" "^7.5.5"

"pkg-types@^1.0.1", "pkg-types@^1.0.3":
  "integrity" "sha512-nN7pYi0AQqJnoLPC9eHFQ8AcyaixBUOwvqc5TDnIKCMEE6I0y8P7OKA7fPexsXGCGxQDl/cmrLAp26LhcwxZ4A=="
  "resolved" "https://registry.npmjs.org/pkg-types/-/pkg-types-1.0.3.tgz"
  "version" "1.0.3"
  dependencies:
    "jsonc-parser" "^3.2.0"
    "mlly" "^1.2.0"
    "pathe" "^1.1.0"

"postcss@^8.1.10", "postcss@^8.4.18":
  "integrity" "sha512-Wi8mWhncLJm11GATDaQKobXSNEYGUHeQLiQqDFG1qQ5UTDPTEvKw0Xt5NsTpktGTwLps3ByrWsBrG0rB8YQ9oA=="
  "resolved" "https://registry.npmjs.org/postcss/-/postcss-8.4.18.tgz"
  "version" "8.4.18"
  dependencies:
    "nanoid" "^3.3.4"
    "picocolors" "^1.0.0"
    "source-map-js" "^1.0.2"

"process@^0.11.10":
  "integrity" "sha512-cdGef/drWFoydD1JsMzuFf8100nZl+GT+yacc2bEced5f9Rjk4z+WtFUTBu9PhOi9j/jfmBPu0mMEY4wIdAF8A=="
  "resolved" "https://registry.npmjs.org/process/-/process-0.11.10.tgz"
  "version" "0.11.10"

"queue-microtask@^1.2.2":
  "integrity" "sha512-NuaNSa6flKT5JaSYQzJok04JzTL1CA6aGhv5rfLW3PgqA+M2ChpZQnAC8h8i4ZFkBS8X5RqkDBHA7r4hej3K9A=="
  "resolved" "https://registry.npmjs.org/queue-microtask/-/queue-microtask-1.2.3.tgz"
  "version" "1.2.3"

"readdirp@~3.6.0":
  "integrity" "sha512-hOS089on8RduqdbhvQ5Z37A0ESjsqz6qnRcffsMU3495FuTdqSm+7bhJ29JvIOsBDEEnan5DPu9t3To9VRlMzA=="
  "resolved" "https://registry.npmjs.org/readdirp/-/readdirp-3.6.0.tgz"
  "version" "3.6.0"
  dependencies:
    "picomatch" "^2.2.1"

"regenerator-runtime@^0.13.11":
  "integrity" "sha512-kY1AZVr2Ra+t+piVaJ4gxaFaReZVH40AKNo7UCX6W+dEwBo/2oZJzqfuN1qLq1oL45o56cPaTXELwrTh8Fpggg=="
  "resolved" "https://registry.npmjs.org/regenerator-runtime/-/regenerator-runtime-0.13.11.tgz"
  "version" "0.13.11"

"resolve@^1.22.1":
  "integrity" "sha512-nBpuuYuY5jFsli/JIs1oldw6fOQCBioohqWZg/2hiaOybXOft4lonv85uDOKXdf8rhyK159cxU5cDcK/NKk8zw=="
  "resolved" "https://registry.npmjs.org/resolve/-/resolve-1.22.1.tgz"
  "version" "1.22.1"
  dependencies:
    "is-core-module" "^2.9.0"
    "path-parse" "^1.0.7"
    "supports-preserve-symlinks-flag" "^1.0.0"

"reusify@^1.0.4":
  "integrity" "sha512-U9nH88a3fc/ekCF1l0/UP1IosiuIjyTh7hBvXVMHYgVcfGvt897Xguj2UOLDeI5BG2m7/uwyaLVT6fbtCwTyzw=="
  "resolved" "https://registry.npmjs.org/reusify/-/reusify-1.0.4.tgz"
  "version" "1.0.4"

"rollup@^1.20.0||^2.0.0||^3.0.0", "rollup@^2.79.1":
  "integrity" "sha512-uKxbd0IhMZOhjAiD5oAFp7BqvkA4Dv47qpOCtaNvng4HBwdbWtdOh8f5nZNuk2rp51PMGk3bzfWu5oayNEuYnw=="
  "resolved" "https://registry.npmjs.org/rollup/-/rollup-2.79.1.tgz"
  "version" "2.79.1"
  optionalDependencies:
    "fsevents" "~2.3.2"

"run-parallel@^1.1.9":
  "integrity" "sha512-5l4VyZR86LZ/lDxZTR6jqL8AFE2S0IFLMP26AbjsLVADxHdhB/c0GUsH+y39UfCi3dzz8OlQuPmnaJOMoDHQBA=="
  "resolved" "https://registry.npmjs.org/run-parallel/-/run-parallel-1.2.0.tgz"
  "version" "1.2.0"
  dependencies:
    "queue-microtask" "^1.2.2"

"rust-result@^1.0.0":
  "integrity" "sha512-6cJzSBU+J/RJCF063onnQf0cDUOHs9uZI1oroSGnHOph+CQTIJ5Pp2hK5kEQq1+7yE/EEWfulSNXAQ2jikPthA=="
  "resolved" "https://registry.npmjs.org/rust-result/-/rust-result-1.0.0.tgz"
  "version" "1.0.0"
  dependencies:
    "individual" "^2.0.0"

"safe-json-parse@4.0.0":
  "integrity" "sha512-RjZPPHugjK0TOzFrLZ8inw44s9bKox99/0AZW9o/BEQVrJfhI+fIHMErnPyRa89/yRXUUr93q+tiN6zhoVV4wQ=="
  "resolved" "https://registry.npmjs.org/safe-json-parse/-/safe-json-parse-4.0.0.tgz"
  "version" "4.0.0"
  dependencies:
    "rust-result" "^1.0.0"

"sass@*", "sass@^1.55.0":
  "integrity" "sha512-Pk+PMy7OGLs9WaxZGJMn7S96dvlyVBwwtToX895WmCpAOr5YiJYEUJfiJidMuKb613z2xNWcXCHEuOvjZbqC6A=="
  "resolved" "https://registry.npmjs.org/sass/-/sass-1.55.0.tgz"
  "version" "1.55.0"
  dependencies:
    "chokidar" ">=3.0.0 <4.0.0"
    "immutable" "^4.0.0"
    "source-map-js" ">=0.6.2 <2.0.0"

"scule@^1.0.0":
  "integrity" "sha512-4AsO/FrViE/iDNEPaAQlb77tf0csuq27EsVpy6ett584EcRTp6pTDLoGWVxCD77y5iU5FauOvhsI4o1APwPoSQ=="
  "resolved" "https://registry.npmjs.org/scule/-/scule-1.0.0.tgz"
  "version" "1.0.0"

"semver@^7.3.7":
  "integrity" "sha512-QBlUtyVk/5EeHbi7X0fw6liDZc7BBmEaSYn01fMU1OUYbf6GPsbTtd8WmnqbI20SeycoHSeiybkE/q1Q+qlThQ=="
  "resolved" "https://registry.npmjs.org/semver/-/semver-7.5.3.tgz"
  "version" "7.5.3"
  dependencies:
    "lru-cache" "^6.0.0"

"source-map-js@^1.0.2", "source-map-js@>=0.6.2 <2.0.0":
  "integrity" "sha512-R0XvVJ9WusLiqTCEiGCmICCMplcCkIwwR11mOSD9CR5u+IXYdiseeEuXCVAjS54zqwkLcPNnmU4OeJ6tUrWhDw=="
  "resolved" "https://registry.npmjs.org/source-map-js/-/source-map-js-1.0.2.tgz"
  "version" "1.0.2"

"source-map@^0.6.1":
  "integrity" "sha512-UjgapumWlbMhkBgzT7Ykc5YXUT46F0iKu8SGXq0bcwP5dz/h0Plj6enJqjz1Zbq2l5WaqYnrVbwWOWMyF3F47g=="
  "resolved" "https://registry.npmjs.org/source-map/-/source-map-0.6.1.tgz"
  "version" "0.6.1"

"sourcemap-codec@^1.4.8":
  "integrity" "sha512-9NykojV5Uih4lgo5So5dtw+f0JgJX30KCNI8gwhz2J9A15wD0Ml6tjHKwf6fTSa6fAdVBdZeNOs9eJ71qCk8vA=="
  "resolved" "https://registry.npmjs.org/sourcemap-codec/-/sourcemap-codec-1.4.8.tgz"
  "version" "1.4.8"

"strip-literal@^1.0.0":
  "integrity" "sha512-QZTsipNpa2Ppr6v1AmJHESqJ3Uz247MUS0OjrnnZjFAvEoWqxuyFuXn2xLgMtRnijJShAa1HL0gtJyUs7u7n3Q=="
  "resolved" "https://registry.npmjs.org/strip-literal/-/strip-literal-1.0.1.tgz"
  "version" "1.0.1"
  dependencies:
    "acorn" "^8.8.2"

"supports-preserve-symlinks-flag@^1.0.0":
  "integrity" "sha512-ot0WnXS9fgdkgIcePe6RHNk1WA8+muPa6cSjeR3V8K27q9BB1rTE3R1p7Hv0z1ZyAc8s6Vvv8DIyWf681MAt0w=="
  "resolved" "https://registry.npmjs.org/supports-preserve-symlinks-flag/-/supports-preserve-symlinks-flag-1.0.0.tgz"
  "version" "1.0.0"

"to-fast-properties@^2.0.0":
  "integrity" "sha512-/OaKK0xYrs3DmxRYqL/yDc+FxFUVYhDlXMhRmv3z915w2HF1tnN1omB354j8VUGO/hbRzyD6Y3sA7v7GS/ceog=="
  "resolved" "https://registry.npmjs.org/to-fast-properties/-/to-fast-properties-2.0.0.tgz"
  "version" "2.0.0"

"to-regex-range@^5.0.1":
  "integrity" "sha512-65P7iz6X5yEr1cwcgvQxbbIw7Uk3gOy5dIdtZ4rDveLqhrdJP+Li/Hx6tyK0NEb+2GCyneCMJiGqrADCSNk8sQ=="
  "resolved" "https://registry.npmjs.org/to-regex-range/-/to-regex-range-5.0.1.tgz"
  "version" "5.0.1"
  dependencies:
    "is-number" "^7.0.0"

"typescript@*", "typescript@^4.6.4", "typescript@>=4.4.4":
  "integrity" "sha512-QCh+85mCy+h0IGff8r5XWzOVSbBO+KfeYrMQh7NJ58QujwcE22u+NUSmUxqF+un70P9GXKxa2HCNiTTMJknyjQ=="
  "resolved" "https://registry.npmjs.org/typescript/-/typescript-4.8.4.tgz"
  "version" "4.8.4"

"ufo@^1.1.2":
  "integrity" "sha512-TrY6DsjTQQgyS3E3dBaOXf0TpPD8u9FVrVYmKVegJuFw51n/YB9XPt+U6ydzFG5ZIN7+DIjPbNmXoBj9esYhgQ=="
  "resolved" "https://registry.npmjs.org/ufo/-/ufo-1.1.2.tgz"
  "version" "1.1.2"

"unimport@^1.0.1":
  "integrity" "sha512-fOkrdxglsHd428yegH0wPH/6IfaSdDeMXtdRGn6en/ccyzc2aaoxiUTMrJyc6Bu+xoa18RJRPMfLUHEzjz8atw=="
  "resolved" "https://registry.npmjs.org/unimport/-/unimport-1.3.0.tgz"
  "version" "1.3.0"
  dependencies:
    "@rollup/pluginutils" "^5.0.2"
    "escape-string-regexp" "^5.0.0"
    "fast-glob" "^3.2.12"
    "local-pkg" "^0.4.3"
    "magic-string" "^0.27.0"
    "mlly" "^1.1.0"
    "pathe" "^1.0.0"
    "pkg-types" "^1.0.1"
    "scule" "^1.0.0"
    "strip-literal" "^1.0.0"
    "unplugin" "^1.0.1"

"unplugin-auto-import@^0.11.5":
  "integrity" "sha512-nvbL2AQwLRR8wbHpJ6L1EBVNmjN045RSedTa4NtsGRkSQFXkI1iKHs4dTqJwcKZsnFrZOAKtLPiN1/oQTObLZw=="
  "resolved" "https://registry.npmjs.org/unplugin-auto-import/-/unplugin-auto-import-0.11.5.tgz"
  "version" "0.11.5"
  dependencies:
    "@antfu/utils" "^0.7.0"
    "@rollup/pluginutils" "^5.0.2"
    "local-pkg" "^0.4.2"
    "magic-string" "^0.26.7"
    "unimport" "^1.0.1"
    "unplugin" "^1.0.0"

"unplugin-vue-components@^0.22.12":
  "integrity" "sha512-FxyzsuBvMCYPIk+8cgscGBQ345tvwVu+qY5IhE++eorkyvA4Z1TiD/HCiim+Kbqozl10i4K+z+NCa2WO2jexRA=="
  "resolved" "https://registry.npmjs.org/unplugin-vue-components/-/unplugin-vue-components-0.22.12.tgz"
  "version" "0.22.12"
  dependencies:
    "@antfu/utils" "^0.7.2"
    "@rollup/pluginutils" "^5.0.2"
    "chokidar" "^3.5.3"
    "debug" "^4.3.4"
    "fast-glob" "^3.2.12"
    "local-pkg" "^0.4.2"
    "magic-string" "^0.27.0"
    "minimatch" "^5.1.1"
    "resolve" "^1.22.1"
    "unplugin" "^1.0.1"

"unplugin@^1.0.0", "unplugin@^1.0.1":
  "integrity" "sha512-h4uUTIvFBQRxUKS2Wjys6ivoeofGhxzTe2sRWlooyjHXVttcVfV/JiavNd3d4+jty0SVV0dxGw9AkY9MwiaCEw=="
  "resolved" "https://registry.npmjs.org/unplugin/-/unplugin-1.3.1.tgz"
  "version" "1.3.1"
  dependencies:
    "acorn" "^8.8.2"
    "chokidar" "^3.5.3"
    "webpack-sources" "^3.2.3"
    "webpack-virtual-modules" "^0.5.0"

"url-toolkit@^2.2.1":
  "integrity" "sha512-mtN6xk+Nac+oyJ/PrI7tzfmomRVNFIWKUbG8jdYFt52hxbiReFAXIjYskvu64/dvuW71IcB7lV8l0HvZMac6Jg=="
  "resolved" "https://registry.npmjs.org/url-toolkit/-/url-toolkit-2.2.5.tgz"
  "version" "2.2.5"

"video.js@^6 || ^7 || ^8", "video.js@^7 || ^8", "video.js@^8.0.4":
  "integrity" "sha512-fvvWauPanrKDps1HQGGL+9CIAK8G0YVwlNme0hvY0k3moXQryaRcJSLHIlPKV2j9ZFTHl32VbN43jL3TaUllfg=="
  "resolved" "https://registry.npmjs.org/video.js/-/video.js-8.0.4.tgz"
  "version" "8.0.4"
  dependencies:
    "@babel/runtime" "^7.12.5"
    "@videojs/http-streaming" "3.0.0"
    "@videojs/vhs-utils" "^4.0.0"
    "@videojs/xhr" "2.6.0"
    "aes-decrypter" "^4.0.1"
    "global" "4.4.0"
    "keycode" "2.2.0"
    "m3u8-parser" "^6.0.0"
    "mpd-parser" "^1.0.1"
    "mux.js" "^6.2.0"
    "safe-json-parse" "4.0.0"
    "videojs-contrib-quality-levels" "3.0.0"
    "videojs-font" "3.2.0"
    "videojs-vtt.js" "0.15.4"

"videojs-contrib-quality-levels@3.0.0":
  "integrity" "sha512-sNx38EYUx+Q+gmup1gVTv9P9/sPs28rM7gZOx1sedaHoKxEdYB+ysOGfHj6MSELBMNGMj6ZspdrpSiWguGvGxA=="
  "resolved" "https://registry.npmjs.org/videojs-contrib-quality-levels/-/videojs-contrib-quality-levels-3.0.0.tgz"
  "version" "3.0.0"
  dependencies:
    "global" "^4.4.0"

"videojs-font@3.2.0":
  "integrity" "sha512-g8vHMKK2/JGorSfqAZQUmYYNnXmfec4MLhwtEFS+mMs2IDY398GLysy6BH6K+aS1KMNu/xWZ8Sue/X/mdQPliA=="
  "resolved" "https://registry.npmjs.org/videojs-font/-/videojs-font-3.2.0.tgz"
  "version" "3.2.0"

"videojs-vtt.js@0.15.4":
  "integrity" "sha512-r6IhM325fcLb1D6pgsMkTQT1PpFdUdYZa1iqk7wJEu+QlibBwATPfPc9Bg8Jiym0GE5yP1AG2rMLu+QMVWkYtA=="
  "resolved" "https://registry.npmjs.org/videojs-vtt.js/-/videojs-vtt.js-0.15.4.tgz"
  "version" "0.15.4"
  dependencies:
    "global" "^4.3.1"

"vite@^3.0.0", "vite@^3.2.7":
  "integrity" "sha512-29pdXjk49xAP0QBr0xXqu2s5jiQIXNvE/xwd0vUizYT2Hzqe4BksNNoWllFVXJf4eLZ+UlVQmXfB4lWrc+t18g=="
  "resolved" "https://registry.npmjs.org/vite/-/vite-3.2.7.tgz"
  "version" "3.2.7"
  dependencies:
    "esbuild" "^0.15.9"
    "postcss" "^8.4.18"
    "resolve" "^1.22.1"
    "rollup" "^2.79.1"
  optionalDependencies:
    "fsevents" "~2.3.2"

"vue-demi@*":
  "integrity" "sha512-IR8HoEEGM65YY3ZJYAjMlKygDQn25D5ajNFNoKh9RSDMQtlzCxtfQjdQgv9jjK+m3377SsJXY8ysq8kLCZL25A=="
  "resolved" "https://registry.npmjs.org/vue-demi/-/vue-demi-0.13.11.tgz"
  "version" "0.13.11"

"vue-router@4":
  "integrity" "sha512-IsvoF5D2GQ/EGTs/Th4NQms9gd2NSqV+yylxIyp/OYp8xOwxmU8Kj/74E9DTSYAyH5LX7idVUngN3JSj1X4xcQ=="
  "resolved" "https://registry.npmjs.org/vue-router/-/vue-router-4.1.5.tgz"
  "version" "4.1.5"
  dependencies:
    "@vue/devtools-api" "^6.1.4"

"vue-tsc@^0.39.5":
  "integrity" "sha512-jhTsrKhZkafpIeN4Cbhr1K53hNfa/oesSrlh7hUaeHyCk55VhZT6oJkwJbtqN4MYkWZIwPrm3/xTwsELuf2ocg=="
  "resolved" "https://registry.npmjs.org/vue-tsc/-/vue-tsc-0.39.5.tgz"
  "version" "0.39.5"
  dependencies:
    "@volar/vue-language-core" "0.39.5"
    "@volar/vue-typescript" "0.39.5"

"vue@^2.6.14 || ^3.2.0", "vue@^3.0.0-0 || ^2.6.0", "vue@^3.2.0", "vue@^3.2.25", "vue@^3.2.37", "vue@2 || 3", "vue@3.2.41":
  "integrity" "sha512-uuuvnrDXEeZ9VUPljgHkqB5IaVO8SxhPpqF2eWOukVrBnRBx2THPSGQBnVRt0GrIG1gvCmFXMGbd7FqcT1ixNQ=="
  "resolved" "https://registry.npmjs.org/vue/-/vue-3.2.41.tgz"
  "version" "3.2.41"
  dependencies:
    "@vue/compiler-dom" "3.2.41"
    "@vue/compiler-sfc" "3.2.41"
    "@vue/runtime-dom" "3.2.41"
    "@vue/server-renderer" "3.2.41"
    "@vue/shared" "3.2.41"

"webpack-sources@^3.2.3":
  "integrity" "sha512-/DyMEOrDgLKKIG0fmvtz+4dUX/3Ghozwgm6iPp8KRhvn+eQf9+Q7GWxVNMk3+uCPWfdXYC4ExGBckIXdFEfH1w=="
  "resolved" "https://registry.npmjs.org/webpack-sources/-/webpack-sources-3.2.3.tgz"
  "version" "3.2.3"

"webpack-virtual-modules@^0.5.0":
  "integrity" "sha512-kyDivFZ7ZM0BVOUteVbDFhlRt7Ah/CSPwJdi8hBpkK7QLumUqdLtVfm/PX/hkcnrvr0i77fO5+TjZ94Pe+C9iw=="
  "resolved" "https://registry.npmjs.org/webpack-virtual-modules/-/webpack-virtual-modules-0.5.0.tgz"
  "version" "0.5.0"

"yallist@^4.0.0":
  "integrity" "sha512-3wdGidZyq5PB084XLES5TpOSRA3wjXAlIWMhum2kRcv/41Sn2emQ0dycQW4uZXLejwKvg6EsvbdlVL+FYEct7A=="
  "resolved" "https://registry.npmjs.org/yallist/-/yallist-4.0.0.tgz"
  "version" "4.0.0"
